// !$*UTF8*$!
{
	archiveVersion = 1;
	classes = {
	};
	objectVersion = 50;
	objects = {

/* Begin PBXBuildFile section */
		C6B2CF1122E8D7F500D3B3E4 /* AppDelegate.swift in Sources */ = {isa = PBXBuildFile; fileRef = C6B2CF1022E8D7F500D3B3E4 /* AppDelegate.swift */; };
		C6B2CF1322E8D7F500D3B3E4 /* ViewController.swift in Sources */ = {isa = PBXBuildFile; fileRef = C6B2CF1222E8D7F500D3B3E4 /* ViewController.swift */; };
		C6B2CF1622E8D7F500D3B3E4 /* Main.storyboard in Resources */ = {isa = PBXBuildFile; fileRef = C6B2CF1422E8D7F500D3B3E4 /* Main.storyboard */; };
		C6B2CF1822E8D7F600D3B3E4 /* Assets.xcassets in Resources */ = {isa = PBXBuildFile; fileRef = C6B2CF1722E8D7F600D3B3E4 /* Assets.xcassets */; };
		C6B2CF1B22E8D7F600D3B3E4 /* LaunchScreen.storyboard in Resources */ = {isa = PBXBuildFile; fileRef = C6B2CF1922E8D7F600D3B3E4 /* LaunchScreen.storyboard */; };
/* End PBXBuildFile section */

/* Begin PBXFileReference section */
		C6B2CF0D22E8D7F500D3B3E4 /* datepicker.app */ = {isa = PBXFileReference; explicitFileType = wrapper.application; includeInIndex = 0; path = datepicker.app; sourceTree = BUILT_PRODUCTS_DIR; };
		C6B2CF1022E8D7F500D3B3E4 /* AppDelegate.swift */ = {isa = PBXFileReference; lastKnownFileType = sourcecode.swift; path = AppDelegate.swift; sourceTree = "<group>"; };
		C6B2CF1222E8D7F500D3B3E4 /* ViewController.swift */ = {isa = PBXFileReference; lastKnownFileType = sourcecode.swift; path = ViewController.swift; sourceTree = "<group>"; };
		C6B2CF1522E8D7F500D3B3E4 /* Base */ = {isa = PBXFileReference; lastKnownFileType = file.storyboard; name = Base; path = Base.lproj/Main.storyboard; sourceTree = "<group>"; };
		C6B2CF1722E8D7F600D3B3E4 /* Assets.xcassets */ = {isa = PBXFileReference; lastKnownFileType = folder.assetcatalog; path = Assets.xcassets; sourceTree = "<group>"; };
		C6B2CF1A22E8D7F600D3B3E4 /* Base */ = {isa = PBXFileReference; lastKnownFileType = file.storyboard; name = Base; path = Base.lproj/LaunchScreen.storyboard; sourceTree = "<group>"; };
		C6B2CF1C22E8D7F600D3B3E4 /* Info.plist */ = {isa = PBXFileReference; lastKnownFileType = text.plist.xml; path = Info.plist; sourceTree = "<group>"; };
/* End PBXFileReference section */

/* Begin PBXFrameworksBuildPhase section */
		C6B2CF0A22E8D7F500D3B3E4 /* Frameworks */ = {
			isa = PBXFrameworksBuildPhase;
			buildActionMask = 2147483647;
			files = (
			);
			runOnlyForDeploymentPostprocessing = 0;
		};
/* End PBXFrameworksBuildPhase section */

/* Begin PBXGroup section */
		C6B2CF0422E8D7F500D3B3E4 = {
			isa = PBXGroup;
			children = (
				C6B2CF0F22E8D7F500D3B3E4 /* datepicker */,
				C6B2CF0E22E8D7F500D3B3E4 /* Products */,
			);
			sourceTree = "<group>";
		};
		C6B2CF0E22E8D7F500D3B3E4 /* Products */ = {
			isa = PBXGroup;
			children = (
				C6B2CF0D22E8D7F500D3B3E4 /* datepicker.app */,
			);
			name = Products;
			sourceTree = "<group>";
		};
		C6B2CF0F22E8D7F500D3B3E4 /* datepicker */ = {
			isa = PBXGroup;
			children = (
				C6B2CF1022E8D7F500D3B3E4 /* AppDelegate.swift */,
				C6B2CF1222E8D7F500D3B3E4 /* ViewController.swift */,
				C6B2CF1422E8D7F500D3B3E4 /* Main.storyboard */,
				C6B2CF1722E8D7F600D3B3E4 /* Assets.xcassets */,
				C6B2CF1922E8D7F600D3B3E4 /* LaunchScreen.storyboard */,
				C6B2CF1C22E8D7F600D3B3E4 /* Info.plist */,
			);
			path = datepicker;
			sourceTree = "<group>";
		};
/* End PBXGroup section */

/* Begin PBXNativeTarget section */
		C6B2CF0C22E8D7F500D3B3E4 /* datepicker */ = {
			isa = PBXNativeTarget;
			buildConfigurationList = C6B2CF1F22E8D7F600D3B3E4 /* Build configuration list for PBXNativeTarget "datepicker" */;
			buildPhases = (
				C6B2CF0922E8D7F500D3B3E4 /* Sources */,
				C6B2CF0A22E8D7F500D3B3E4 /* Frameworks */,
				C6B2CF0B22E8D7F500D3B3E4 /* Resources */,
			);
			buildRules = (
			);
			dependencies = (
			);
			name = datepicker;
			productName = datepicker;
			productReference = C6B2CF0D22E8D7F500D3B3E4 /* datepicker.app */;
			productType = "com.apple.product-type.application";
		};
/* End PBXNativeTarget section */

/* Begin PBXProject section */
		C6B2CF0522E8D7F500D3B3E4 /* Project object */ = {
			isa = PBXProject;
			attributes = {
				LastSwiftUpdateCheck = 0940;
				LastUpgradeCheck = 0940;
				ORGANIZATIONNAME = "SER-YCL1";
				TargetAttributes = {
					C6B2CF0C22E8D7F500D3B3E4 = {
						CreatedOnToolsVersion = 9.4.1;
					};
				};
			};
			buildConfigurationList = C6B2CF0822E8D7F500D3B3E4 /* Build configuration list for PBXProject "datepicker" */;
			compatibilityVersion = "Xcode 9.3";
			developmentRegion = en;
			hasScannedForEncodings = 0;
			knownRegions = (
				en,
				Base,
			);
			mainGroup = C6B2CF0422E8D7F500D3B3E4;
			productRefGroup = C6B2CF0E22E8D7F500D3B3E4 /* Products */;
			projectDirPath = "";
			projectRoot = "";
			targets = (
				C6B2CF0C22E8D7F500D3B3E4 /* datepicker */,
			);
		};
/* End PBXProject section */

/* Begin PBXResourcesBuildPhase section */
		C6B2CF0B22E8D7F500D3B3E4 /* Resources */ = {
			isa = PBXResourcesBuildPhase;
			buildActionMask = 2147483647;
			files = (
				C6B2CF1B22E8D7F600D3B3E4 /* LaunchScreen.storyboard in Resources */,
				C6B2CF1822E8D7F600D3B3E4 /* Assets.xcassets in Resources */,
				C6B2CF1622E8D7F500D3B3E4 /* Main.storyboard in Resources */,
			);
			runOnlyForDeploymentPostprocessing = 0;
		};
/* End PBXResourcesBuildPhase section */

/* Begin PBXSourcesBuildPhase section */
		C6B2CF0922E8D7F500D3B3E4 /* Sources */ = {
			isa = PBXSourcesBuildPhase;
			buildActionMask = 2147483647;
			files = (
				C6B2CF1322E8D7F500D3B3E4 /* ViewController.swift in Sources */,
				C6B2CF1122E8D7F500D3B3E4 /* AppDelegate.swift in Sources */,
			);
			runOnlyForDeploymentPostprocessing = 0;
		};
/* End PBXSourcesBuildPhase section */

/* Begin PBXVariantGroup section */
		C6B2CF1422E8D7F500D3B3E4 /* Main.storyboard */ = {
			isa = PBXVariantGroup;
			children = (
				C6B2CF1522E8D7F500D3B3E4 /* Base */,
			);
			name = Main.storyboard;
			sourceTree = "<group>";
		};
		C6B2CF1922E8D7F600D3B3E4 /* LaunchScreen.storyboard */ = {
			isa = PBXVariantGroup;
			children = (
				C6B2CF1A22E8D7F600D3B3E4 /* Base */,
			);
			name = LaunchScreen.storyboard;
			sourceTree = "<group>";
		};
/* End PBXVariantGroup section */

/* Begin XCBuildConfiguration section */
		C6B2CF1D22E8D7F600D3B3E4 /* Debug */ = {
			isa = XCBuildConfiguration;
			buildSettings = {
				ALWAYS_SEARCH_USER_PATHS = NO;
				CLANG_ANALYZER_NONNULL = YES;
				CLANG_ANALYZER_NUMBER_OBJECT_CONVERSION = YES_AGGRESSIVE;
				CLANG_CXX_LANGUAGE_STANDARD = "gnu++14";
				CLANG_CXX_LIBRARY = "libc++";
				CLANG_ENABLE_MODULES = YES;
				CLANG_ENABLE_OBJC_ARC = YES;
				CLANG_ENABLE_OBJC_WEAK = YES;
				CLANG_WARN_BLOCK_CAPTURE_AUTORELEASING = YES;
				CLANG_WARN_BOOL_CONVERSION = YES;
				CLANG_WARN_COMMA = YES;
				CLANG_WARN_CONSTANT_CONVERSION = YES;
				CLANG_WARN_DEPRECATED_OBJC_IMPLEMENTATIONS = YES;
				CLANG_WARN_DIRECT_OBJC_ISA_USAGE = YES_ERROR;
				CLANG_WARN_DOCUMENTATION_COMMENTS = YES;
				CLANG_WARN_EMPTY_BODY = YES;
				CLANG_WARN_ENUM_CONVERSION = YES;
				CLANG_WARN_INFINITE_RECURSION = YES;
				CLANG_WARN_INT_CONVERSION = YES;
				CLANG_WARN_NON_LITERAL_NULL_CONVERSION = YES;
				CLANG_WARN_OBJC_IMPLICIT_RETAIN_SELF = YES;
				CLANG_WARN_OBJC_LITERAL_CONVERSION = YES;
				CLANG_WARN_OBJC_ROOT_CLASS = YES_ERROR;
				CLANG_WARN_RANGE_LOOP_ANALYSIS = YES;
				CLANG_WARN_STRICT_PROTOTYPES = YES;
				CLANG_WARN_SUSPICIOUS_MOVE = YES;
				CLANG_WARN_UNGUARDED_AVAILABILITY = YES_AGGRESSIVE;
				CLANG_WARN_UNREACHABLE_CODE = YES;
				CLANG_WARN__DUPLICATE_METHOD_MATCH = YES;
				CODE_SIGN_IDENTITY = "iPhone Developer";
				COPY_PHASE_STRIP = NO;
				DEBUG_INFORMATION_FORMAT = dwarf;
				ENABLE_STRICT_OBJC_MSGSEND = YES;
				ENABLE_TESTABILITY = YES;
				GCC_C_LANGUAGE_STANDARD = gnu11;
				GCC_DYNAMIC_NO_PIC = NO;
				GCC_NO_COMMON_BLOCKS = YES;
				GCC_OPTIMIZATION_LEVEL = 0;
				GCC_PREPROCESSOR_DEFINITIONS = (
					"DEBUG=1",
					"$(inherited)",
				);
				GCC_WARN_64_TO_32_BIT_CONVERSION = YES;
				GCC_WARN_ABOUT_RETURN_TYPE = YES_ERROR;
				GCC_WARN_UNDECLARED_SELECTOR = YES;
				GCC_WARN_UNINITIALIZED_AUTOS = YES_AGGRESSIVE;
				GCC_WARN_UNUSED_FUNCTION = YES;
				GCC_WARN_UNUSED_VARIABLE = YES;
				IPHONEOS_DEPLOYMENT_TARGET = 11.4;
				MTL_ENABLE_DEBUG_INFO = YES;
				ONLY_ACTIVE_ARCH = YES;
				SDKROOT = iphoneos;
				SWIFT_ACTIVE_COMPILATION_CONDITIONS = DEBUG;
				SWIFT_OPTIMIZATION_LEVEL = "-Onone";
			};
			name = Debug;
		};
		C6B2CF1E22E8D7F600D3B3E4 /* Release */ = {
			isa = XCBuildConfiguration;
			buildSettings = {
				ALWAYS_SEARCH_USER_PATHS = NO;
				CLANG_ANALYZER_NONNULL = YES;
				CLANG_ANALYZER_NUMBER_OBJECT_CONVERSION = YES_AGGRESSIVE;
				CLANG_CXX_LANGUAGE_STANDARD = "gnu++14";
				CLANG_CXX_LIBRARY = "libc++";
				CLANG_ENABLE_MODULES = YES;
				CLANG_ENABLE_OBJC_ARC = YES;
				CLANG_ENABLE_OBJC_WEAK = YES;
				CLANG_WARN_BLOCK_CAPTURE_AUTORELEASING = YES;
				CLANG_WARN_BOOL_CONVERSION = YES;
				CLANG_WARN_COMMA = YES;
				CLANG_WARN_CONSTANT_CONVERSION = YES;
				CLANG_WARN_DEPRECATED_OBJC_IMPLEMENTATIONS = YES;
				CLANG_WARN_DIRECT_OBJC_ISA_USAGE = YES_ERROR;
				CLANG_WARN_DOCUMENTATION_COMMENTS = YES;
				CLANG_WARN_EMPTY_BODY = YES;
				CLANG_WARN_ENUM_CONVERSION = YES;
				CLANG_WARN_INFINITE_RECURSION = YES;
				CLANG_WARN_INT_CONVERSION = YES;
				CLANG_WARN_NON_LITERAL_NULL_CONVERSION = YES;
				CLANG_WARN_OBJC_IMPLICIT_RETAIN_SELF = YES;
				CLANG_WARN_OBJC_LITERAL_CONVERSION = YES;
				CLANG_WARN_OBJC_ROOT_CLASS = YES_ERROR;
				CLANG_WARN_RANGE_LOOP_ANALYSIS = YES;
				CLANG_WARN_STRICT_PROTOTYPES = YES;
				CLANG_WARN_SUSPICIOUS_MOVE = YES;
				CLANG_WARN_UNGUARDED_AVAILABILITY = YES_AGGRESSIVE;
				CLANG_WARN_UNREACHABLE_CODE = YES;
				CLANG_WARN__DUPLICATE_METHOD_MATCH = YES;
				CODE_SIGN_IDENTITY = "iPhone Developer";
				COPY_PHASE_STRIP = NO;
				DEBUG_INFORMATION_FORMAT = "dwarf-with-dsym";
				ENABLE_NS_ASSERTIONS = NO;
				ENABLE_STRICT_OBJC_MSGSEND = YES;
				GCC_C_LANGUAGE_STANDARD = gnu11;
				GCC_NO_COMMON_BLOCKS = YES;
				GCC_WARN_64_TO_32_BIT_CONVERSION = YES;
				GCC_WARN_ABOUT_RETURN_TYPE = YES_ERROR;
				GCC_WARN_UNDECLARED_SELECTOR = YES;
				GCC_WARN_UNINITIALIZED_AUTOS = YES_AGGRESSIVE;
				GCC_WARN_UNUSED_FUNCTION = YES;
				GCC_WARN_UNUSED_VARIABLE = YES;
				IPHONEOS_DEPLOYMENT_TARGET = 11.4;
				MTL_ENABLE_DEBUG_INFO = NO;
				SDKROOT = iphoneos;
				SWIFT_COMPILATION_MODE = wholemodule;
				SWIFT_OPTIMIZATION_LEVEL = "-O";
				VALIDATE_PRODUCT = YES;
			};
			name = Release;
		};
		C6B2CF2022E8D7F600D3B3E4 /* Debug */ = {
			isa = XCBuildConfiguration;
			buildSettings = {
				ASSETCATALOG_COMPILER_APPICON_NAME = AppIcon;
				CODE_SIGN_STYLE = Automatic;
				INFOPLIST_FILE = datepicker/Info.plist;
				LD_RUNPATH_SEARCH_PATHS = (
					"$(inherited)",
					"@executable_path/Frameworks",
				);
				PRODUCT_BUNDLE_IDENTIFIER = com.ishanicey.datepicker;
				PRODUCT_NAME = "$(TARGET_NAME)";
				SWIFT_VERSION = 4.0;
				TARGETED_DEVICE_FAMILY = "1,2";
			};
			name = Debug;
		};
		C6B2CF2122E8D7F600D3B3E4 /* Release */ = {
			isa = XCBuildConfiguration;
			buildSettings = {
				ASSETCATALOG_COMPILER_APPICON_NAME = AppIcon;
				CODE_SIGN_STYLE = Automatic;
				INFOPLIST_FILE = datepicker/Info.plist;
				LD_RUNPATH_SEARCH_PATHS = (
					"$(inherited)",
					"@executable_path/Frameworks",
				);
				PRODUCT_BUNDLE_IDENTIFIER = com.ishanicey.datepicker;
				PRODUCT_NAME = "$(TARGET_NAME)";
				SWIFT_VERSION = 4.0;
				TARGETED_DEVICE_FAMILY = "1,2";
			};
			name = Release;
		};
/* End XCBuildConfiguration section */

/* Begin XCConfigurationList section */
		C6B2CF0822E8D7F500D3B3E4 /* Build configuration list for PBXProject "datepicker" */ = {
			isa = XCConfigurationList;
			buildConfigurations = (
				C6B2CF1D22E8D7F600D3B3E4 /* Debug */,
				C6B2CF1E22E8D7F600D3B3E4 /* Release */,
			);
			defaultConfigurationIsVisible = 0;
			defaultConfigurationName = Release;
		};
		C6B2CF1F22E8D7F600D3B3E4 /* Build configuration list for PBXNativeTarget "datepicker" */ = {
			isa = XCConfigurationList;
			buildConfigurations = (
				C6B2CF2022E8D7F600D3B3E4 /* Debug */,
				C6B2CF2122E8D7F600D3B3E4 /* Release */,
			);
			defaultConfigurationIsVisible = 0;
			defaultConfigurationName = Release;
		};
/* End XCConfigurationList section */
	};
	rootObject = C6B2CF0522E8D7F500D3B3E4 /* Project object */;
}
